
Microsoft Visual Studio Solution File, Format Version 12.00
# Visual Studio Version 16
VisualStudioVersion = 16.0.31112.23
MinimumVisualStudioVersion = 10.0.40219.1
Project("{FAE04EC0-301F-11D3-BF4B-00C04F79EFBC}") = "projectsleemwebapp", "projectsleemwebapp.csproj", "{E265D061-8AEC-4073-AB38-FABA6CD90A57}"
EndProject
Global
	GlobalSection(SolutionConfigurationPlatforms) = preSolution
		Debug|Any CPU = Debug|Any CPU
		Release|Any CPU = Release|Any CPU
	EndGlobalSection
	GlobalSection(ProjectConfigurationPlatforms) = postSolution
		{E265D061-8AEC-4073-AB38-FABA6CD90A57}.Debug|Any CPU.ActiveCfg = Debug|Any CPU
		{E265D061-8AEC-4073-AB38-FABA6CD90A57}.Debug|Any CPU.Build.0 = Debug|Any CPU
		{E265D061-8AEC-4073-AB38-FABA6CD90A57}.Release|Any CPU.ActiveCfg = Release|Any CPU
		{E265D061-8AEC-4073-AB38-FABA6CD90A57}.Release|Any CPU.Build.0 = Release|Any CPU
	EndGlobalSection
	GlobalSection(SolutionProperties) = preSolution
		HideSolutionNode = FALSE
	EndGlobalSection
	GlobalSection(ExtensibilityGlobals) = postSolution
		SolutionGuid = {ABFD6882-A106-49BC-9902-CB92122FF6F0}
	EndGlobalSection
EndGlobal
